
Microsoft Visual Studio Solution File, Format Version 12.00
# Visual Studio Version 17
VisualStudioVersion = 17.6.33829.357
MinimumVisualStudioVersion = 10.0.40219.1
Project("{FAE04EC0-301F-11D3-BF4B-00C04F79EFBC}") = "ManagemenDatabase", "ManagemenDatabase\ManagemenDatabase.csproj", "{5407E761-5813-4522-8B04-3C75205D4752}"
EndProject
Global
	GlobalSection(SolutionConfigurationPlatforms) = preSolution
		Debug|Any CPU = Debug|Any CPU
		Release|Any CPU = Release|Any CPU
	EndGlobalSection
	GlobalSection(ProjectConfigurationPlatforms) = postSolution
		{5407E761-5813-4522-8B04-3C75205D4752}.Debug|Any CPU.ActiveCfg = Debug|Any CPU
		{5407E761-5813-4522-8B04-3C75205D4752}.Debug|Any CPU.Build.0 = Debug|Any CPU
		{5407E761-5813-4522-8B04-3C75205D4752}.Release|Any CPU.ActiveCfg = Release|Any CPU
		{5407E761-5813-4522-8B04-3C75205D4752}.Release|Any CPU.Build.0 = Release|Any CPU
	EndGlobalSection
	GlobalSection(SolutionProperties) = preSolution
		HideSolutionNode = FALSE
	EndGlobalSection
	GlobalSection(ExtensibilityGlobals) = postSolution
		SolutionGuid = {EF294520-1821-4AF3-A438-C88F16E278A5}
	EndGlobalSection
EndGlobal
